{
  "version": 4,
  "terraform_version": "1.8.2",
  "serial": 27,
  "lineage": "96f6e3e9-e7c2-8d99-0281-cbd08a7093c4",
  "outputs": {},
  "resources": [
    {
      "mode": "managed",
      "type": "newrelic_one_dashboard",
      "name": "dash1",
      "provider": "provider[\"registry.terraform.io/newrelic/newrelic\"]",
      "instances": [
        {
          "schema_version": 0,
          "attributes": {
            "account_id": 4267282,
            "description": null,
            "guid": "NDI2NzI4MnxWSVp8REFTSEJPQVJEfGRhOjU5NTk1Njc",
            "id": "NDI2NzI4MnxWSVp8REFTSEJPQVJEfGRhOjU5NTk1Njc",
            "name": "Terraform-Dashboard",
            "page": [
              {
                "description": "",
                "guid": "NDI2NzI4MnxWSVp8REFTSEJPQVJEfDE3MjY1NDI0",
                "name": "Terraform-dashboard",
                "widget_area": [
                  {
                    "colors": [],
                    "column": 9,
                    "facet_show_other_series": false,
                    "height": 3,
                    "id": "244392965",
                    "ignore_time_range": false,
                    "legend_enabled": true,
                    "nrql_query": [
                      {
                        "account_id": 4267282,
                        "query": "SELECT average(cpuPercent) AS `CPU used %` FROM SystemSample WHERE (entityGuid = 'NDI2NzI4MnxJTkZSQXxOQXwxNDExMTM1MjE4MzkyNTcwNjcy') TIMESERIES AUTO"
                      }
                    ],
                    "null_values": [],
                    "row": 2,
                    "title": "CPU used percentage",
                    "units": [],
                    "width": 4,
                    "y_axis_left_max": 0,
                    "y_axis_left_min": 0
                  }
                ],
                "widget_bar": [],
                "widget_billboard": [
                  {
                    "colors": [],
                    "column": 1,
                    "critical": "",
                    "facet_show_other_series": false,
                    "height": 6,
                    "id": "244314173",
                    "ignore_time_range": false,
                    "legend_enabled": true,
                    "nrql_query": [
                      {
                        "account_id": 4267282,
                        "query": "SELECT average(cpuPercent) AS `CPU used %` FROM SystemSample WHERE (entityGuid = 'NDI2NzI4MnxJTkZSQXxOQXwxNDExMTM1MjE4MzkyNTcwNjcy')"
                      }
                    ],
                    "null_values": [],
                    "row": 1,
                    "title": "CPU used percentage",
                    "units": [],
                    "warning": "",
                    "width": 4,
                    "y_axis_left_max": 0,
                    "y_axis_left_min": 0
                  },
                  {
                    "colors": [],
                    "column": 1,
                    "critical": "",
                    "facet_show_other_series": false,
                    "height": 3,
                    "id": "244327047",
                    "ignore_time_range": false,
                    "legend_enabled": true,
                    "nrql_query": [
                      {
                        "account_id": 4267282,
                        "query": "SELECT average(memoryUsedPercent) AS `Memory used %` FROM SystemSample WHERE (entityGuid = 'NDI2NzI4MnxJTkZSQXxOQXwxNDExMTM1MjE4MzkyNTcwNjcy')"
                      }
                    ],
                    "null_values": [],
                    "row": 3,
                    "title": "Memory used percentage",
                    "units": [],
                    "warning": "",
                    "width": 4,
                    "y_axis_left_max": 0,
                    "y_axis_left_min": 0
                  }
                ],
                "widget_bullet": [],
                "widget_funnel": [],
                "widget_heatmap": [],
                "widget_histogram": [],
                "widget_json": [],
                "widget_line": [
                  {
                    "colors": [],
                    "column": 5,
                    "facet_show_other_series": false,
                    "height": 3,
                    "id": "244391016",
                    "ignore_time_range": false,
                    "legend_enabled": true,
                    "nrql_query": [
                      {
                        "account_id": 4267282,
                        "query": "SELECT average(diskUsedPercent) AS `Storage used %` FROM StorageSample WHERE (entityGuid = 'NDI2NzI4MnxJTkZSQXxOQXwxNDExMTM1MjE4MzkyNTcwNjcy') TIMESERIES AUTO"
                      }
                    ],
                    "null_values": [],
                    "row": 1,
                    "title": "Storage used percentage",
                    "units": [],
                    "width": 4,
                    "y_axis_left_max": 0,
                    "y_axis_left_min": 0,
                    "y_axis_left_zero": false
                  },
                  {
                    "colors": [],
                    "column": 9,
                    "facet_show_other_series": false,
                    "height": 3,
                    "id": "244393283",
                    "ignore_time_range": false,
                    "legend_enabled": true,
                    "nrql_query": [
                      {
                        "account_id": 4267282,
                        "query": "SELECT average(loadAverageOneMinute) AS `1 minute`, average(loadAverageFiveMinute) AS `5 minutes`, average(loadAverageFifteenMinute) AS `15 minutes` FROM SystemSample WHERE (entityGuid = 'NDI2NzI4MnxJTkZSQXxOQXwxNDExMTM1MjE4MzkyNTcwNjcy') TIMESERIES AUTO"
                      }
                    ],
                    "null_values": [],
                    "row": 2,
                    "title": "Load average",
                    "units": [],
                    "width": 4,
                    "y_axis_left_max": 0,
                    "y_axis_left_min": 0,
                    "y_axis_left_zero": false
                  }
                ],
                "widget_log_table": [],
                "widget_markdown": [],
                "widget_pie": [
                  {
                    "colors": [],
                    "column": 9,
                    "facet_show_other_series": false,
                    "filter_current_dashboard": false,
                    "height": 3,
                    "id": "244327048",
                    "ignore_time_range": false,
                    "legend_enabled": true,
                    "linked_entity_guids": [],
                    "nrql_query": [
                      {
                        "account_id": 4267282,
                        "query": "SELECT latest(diskUsedPercent) AS `Used %` FROM StorageSample WHERE (entityGuid = 'NDI2NzI4MnxJTkZSQXxOQXwxNDExMTM1MjE4MzkyNTcwNjcy') FACET device "
                      }
                    ],
                    "null_values": [],
                    "row": 1,
                    "title": "Disk used percentage",
                    "units": [],
                    "width": 4,
                    "y_axis_left_max": 0,
                    "y_axis_left_min": 0
                  }
                ],
                "widget_stacked_bar": [],
                "widget_table": [
                  {
                    "colors": [],
                    "column": 5,
                    "facet_show_other_series": false,
                    "filter_current_dashboard": false,
                    "height": 6,
                    "id": "244393030",
                    "ignore_time_range": false,
                    "legend_enabled": true,
                    "linked_entity_guids": [],
                    "nrql_query": [
                      {
                        "account_id": 4267282,
                        "query": "SELECT latest(cpuPercent) AS `CPU %`, latest(threadCount) AS `Threads` FROM ProcessSample WHERE (entityGuid = 'NDI2NzI4MnxJTkZSQXxOQXwxNDExMTM1MjE4MzkyNTcwNjcy') FACET processId, processDisplayName ORDER BY cpuPercent asc LIMIT 15"
                      }
                    ],
                    "null_values": [],
                    "row": 2,
                    "title": "Processes Running",
                    "units": [],
                    "width": 4,
                    "y_axis_left_max": 0,
                    "y_axis_left_min": 0
                  }
                ]
              }
            ],
            "permalink": "https://one.newrelic.com/redirect/entity/NDI2NzI4MnxWSVp8REFTSEJPQVJEfGRhOjU5NTk1Njc",
            "permissions": "public_read_only",
            "variable": []
          },
          "sensitive_attributes": [],
          "private": "bnVsbA=="
        }
      ]
    }
  ],
  "check_results": null
}
